// !$*UTF8*$!
{
	archiveVersion = 1;
	classes = {
	};
	objectVersion = 56;
	objects = {

/* Begin PBXBuildFile section */
		3DA20F512AC33D0400DE2D04 /* AppDelegate.swift in Sources */ = {isa = PBXBuildFile; fileRef = 3DA20F502AC33D0400DE2D04 /* AppDelegate.swift */; };
		3DA20F532AC33D0400DE2D04 /* SceneDelegate.swift in Sources */ = {isa = PBXBuildFile; fileRef = 3DA20F522AC33D0400DE2D04 /* SceneDelegate.swift */; };
		3DA20F552AC33D0400DE2D04 /* Anasayfa.swift in Sources */ = {isa = PBXBuildFile; fileRef = 3DA20F542AC33D0400DE2D04 /* Anasayfa.swift */; };
		3DA20F582AC33D0400DE2D04 /* Main.storyboard in Resources */ = {isa = PBXBuildFile; fileRef = 3DA20F562AC33D0400DE2D04 /* Main.storyboard */; };
		3DA20F5A2AC33D0400DE2D04 /* Assets.xcassets in Resources */ = {isa = PBXBuildFile; fileRef = 3DA20F592AC33D0400DE2D04 /* Assets.xcassets */; };
		3DA20F5D2AC33D0400DE2D04 /* LaunchScreen.storyboard in Resources */ = {isa = PBXBuildFile; fileRef = 3DA20F5B2AC33D0400DE2D04 /* LaunchScreen.storyboard */; };
		3DA20F652AC3404100DE2D04 /* AnasayfaViewModel.swift in Sources */ = {isa = PBXBuildFile; fileRef = 3DA20F642AC3404100DE2D04 /* AnasayfaViewModel.swift */; };
		3DA20F682AC348AC00DE2D04 /* RxSwift in Frameworks */ = {isa = PBXBuildFile; productRef = 3DA20F672AC348AC00DE2D04 /* RxSwift */; };
		3DA20F6A2AC34CB500DE2D04 /* MatematikRepositorty.swift in Sources */ = {isa = PBXBuildFile; fileRef = 3DA20F692AC34CB500DE2D04 /* MatematikRepositorty.swift */; };
/* End PBXBuildFile section */

/* Begin PBXFileReference section */
		3DA20F4D2AC33D0400DE2D04 /* MVVMKullanimi.app */ = {isa = PBXFileReference; explicitFileType = wrapper.application; includeInIndex = 0; path = MVVMKullanimi.app; sourceTree = BUILT_PRODUCTS_DIR; };
		3DA20F502AC33D0400DE2D04 /* AppDelegate.swift */ = {isa = PBXFileReference; lastKnownFileType = sourcecode.swift; path = AppDelegate.swift; sourceTree = "<group>"; };
		3DA20F522AC33D0400DE2D04 /* SceneDelegate.swift */ = {isa = PBXFileReference; lastKnownFileType = sourcecode.swift; path = SceneDelegate.swift; sourceTree = "<group>"; };
		3DA20F542AC33D0400DE2D04 /* Anasayfa.swift */ = {isa = PBXFileReference; lastKnownFileType = sourcecode.swift; path = Anasayfa.swift; sourceTree = "<group>"; };
		3DA20F572AC33D0400DE2D04 /* Base */ = {isa = PBXFileReference; lastKnownFileType = file.storyboard; name = Base; path = Base.lproj/Main.storyboard; sourceTree = "<group>"; };
		3DA20F592AC33D0400DE2D04 /* Assets.xcassets */ = {isa = PBXFileReference; lastKnownFileType = folder.assetcatalog; path = Assets.xcassets; sourceTree = "<group>"; };
		3DA20F5C2AC33D0400DE2D04 /* Base */ = {isa = PBXFileReference; lastKnownFileType = file.storyboard; name = Base; path = Base.lproj/LaunchScreen.storyboard; sourceTree = "<group>"; };
		3DA20F5E2AC33D0400DE2D04 /* Info.plist */ = {isa = PBXFileReference; lastKnownFileType = text.plist.xml; path = Info.plist; sourceTree = "<group>"; };
		3DA20F642AC3404100DE2D04 /* AnasayfaViewModel.swift */ = {isa = PBXFileReference; lastKnownFileType = sourcecode.swift; path = AnasayfaViewModel.swift; sourceTree = "<group>"; };
		3DA20F692AC34CB500DE2D04 /* MatematikRepositorty.swift */ = {isa = PBXFileReference; lastKnownFileType = sourcecode.swift; path = MatematikRepositorty.swift; sourceTree = "<group>"; };
/* End PBXFileReference section */

/* Begin PBXFrameworksBuildPhase section */
		3DA20F4A2AC33D0400DE2D04 /* Frameworks */ = {
			isa = PBXFrameworksBuildPhase;
			buildActionMask = 2147483647;
			files = (
				3DA20F682AC348AC00DE2D04 /* RxSwift in Frameworks */,
			);
			runOnlyForDeploymentPostprocessing = 0;
		};
/* End PBXFrameworksBuildPhase section */

/* Begin PBXGroup section */
		3DA20F442AC33D0400DE2D04 = {
			isa = PBXGroup;
			children = (
				3DA20F4F2AC33D0400DE2D04 /* MVVMKullanimi */,
				3DA20F4E2AC33D0400DE2D04 /* Products */,
			);
			sourceTree = "<group>";
		};
		3DA20F4E2AC33D0400DE2D04 /* Products */ = {
			isa = PBXGroup;
			children = (
				3DA20F4D2AC33D0400DE2D04 /* MVVMKullanimi.app */,
			);
			name = Products;
			sourceTree = "<group>";
		};
		3DA20F4F2AC33D0400DE2D04 /* MVVMKullanimi */ = {
			isa = PBXGroup;
			children = (
				3DA20F502AC33D0400DE2D04 /* AppDelegate.swift */,
				3DA20F522AC33D0400DE2D04 /* SceneDelegate.swift */,
				3DA20F542AC33D0400DE2D04 /* Anasayfa.swift */,
				3DA20F642AC3404100DE2D04 /* AnasayfaViewModel.swift */,
				3DA20F692AC34CB500DE2D04 /* MatematikRepositorty.swift */,
				3DA20F562AC33D0400DE2D04 /* Main.storyboard */,
				3DA20F592AC33D0400DE2D04 /* Assets.xcassets */,
				3DA20F5B2AC33D0400DE2D04 /* LaunchScreen.storyboard */,
				3DA20F5E2AC33D0400DE2D04 /* Info.plist */,
			);
			path = MVVMKullanimi;
			sourceTree = "<group>";
		};
/* End PBXGroup section */

/* Begin PBXNativeTarget section */
		3DA20F4C2AC33D0400DE2D04 /* MVVMKullanimi */ = {
			isa = PBXNativeTarget;
			buildConfigurationList = 3DA20F612AC33D0400DE2D04 /* Build configuration list for PBXNativeTarget "MVVMKullanimi" */;
			buildPhases = (
				3DA20F492AC33D0400DE2D04 /* Sources */,
				3DA20F4A2AC33D0400DE2D04 /* Frameworks */,
				3DA20F4B2AC33D0400DE2D04 /* Resources */,
			);
			buildRules = (
			);
			dependencies = (
			);
			name = MVVMKullanimi;
			packageProductDependencies = (
				3DA20F672AC348AC00DE2D04 /* RxSwift */,
			);
			productName = MVVMKullanimi;
			productReference = 3DA20F4D2AC33D0400DE2D04 /* MVVMKullanimi.app */;
			productType = "com.apple.product-type.application";
		};
/* End PBXNativeTarget section */

/* Begin PBXProject section */
		3DA20F452AC33D0400DE2D04 /* Project object */ = {
			isa = PBXProject;
			attributes = {
				BuildIndependentTargetsInParallel = 1;
				LastSwiftUpdateCheck = 1430;
				LastUpgradeCheck = 1430;
				TargetAttributes = {
					3DA20F4C2AC33D0400DE2D04 = {
						CreatedOnToolsVersion = 14.3;
					};
				};
			};
			buildConfigurationList = 3DA20F482AC33D0400DE2D04 /* Build configuration list for PBXProject "MVVMKullanimi" */;
			compatibilityVersion = "Xcode 14.0";
			developmentRegion = en;
			hasScannedForEncodings = 0;
			knownRegions = (
				en,
				Base,
			);
			mainGroup = 3DA20F442AC33D0400DE2D04;
			packageReferences = (
				3DA20F662AC348AC00DE2D04 /* XCRemoteSwiftPackageReference "RxSwift" */,
			);
			productRefGroup = 3DA20F4E2AC33D0400DE2D04 /* Products */;
			projectDirPath = "";
			projectRoot = "";
			targets = (
				3DA20F4C2AC33D0400DE2D04 /* MVVMKullanimi */,
			);
		};
/* End PBXProject section */

/* Begin PBXResourcesBuildPhase section */
		3DA20F4B2AC33D0400DE2D04 /* Resources */ = {
			isa = PBXResourcesBuildPhase;
			buildActionMask = 2147483647;
			files = (
				3DA20F5D2AC33D0400DE2D04 /* LaunchScreen.storyboard in Resources */,
				3DA20F5A2AC33D0400DE2D04 /* Assets.xcassets in Resources */,
				3DA20F582AC33D0400DE2D04 /* Main.storyboard in Resources */,
			);
			runOnlyForDeploymentPostprocessing = 0;
		};
/* End PBXResourcesBuildPhase section */

/* Begin PBXSourcesBuildPhase section */
		3DA20F492AC33D0400DE2D04 /* Sources */ = {
			isa = PBXSourcesBuildPhase;
			buildActionMask = 2147483647;
			files = (
				3DA20F552AC33D0400DE2D04 /* Anasayfa.swift in Sources */,
				3DA20F512AC33D0400DE2D04 /* AppDelegate.swift in Sources */,
				3DA20F6A2AC34CB500DE2D04 /* MatematikRepositorty.swift in Sources */,
				3DA20F652AC3404100DE2D04 /* AnasayfaViewModel.swift in Sources */,
				3DA20F532AC33D0400DE2D04 /* SceneDelegate.swift in Sources */,
			);
			runOnlyForDeploymentPostprocessing = 0;
		};
/* End PBXSourcesBuildPhase section */

/* Begin PBXVariantGroup section */
		3DA20F562AC33D0400DE2D04 /* Main.storyboard */ = {
			isa = PBXVariantGroup;
			children = (
				3DA20F572AC33D0400DE2D04 /* Base */,
			);
			name = Main.storyboard;
			sourceTree = "<group>";
		};
		3DA20F5B2AC33D0400DE2D04 /* LaunchScreen.storyboard */ = {
			isa = PBXVariantGroup;
			children = (
				3DA20F5C2AC33D0400DE2D04 /* Base */,
			);
			name = LaunchScreen.storyboard;
			sourceTree = "<group>";
		};
/* End PBXVariantGroup section */

/* Begin XCBuildConfiguration section */
		3DA20F5F2AC33D0400DE2D04 /* Debug */ = {
			isa = XCBuildConfiguration;
			buildSettings = {
				ALWAYS_SEARCH_USER_PATHS = NO;
				CLANG_ANALYZER_NONNULL = YES;
				CLANG_ANALYZER_NUMBER_OBJECT_CONVERSION = YES_AGGRESSIVE;
				CLANG_CXX_LANGUAGE_STANDARD = "gnu++20";
				CLANG_ENABLE_MODULES = YES;
				CLANG_ENABLE_OBJC_ARC = YES;
				CLANG_ENABLE_OBJC_WEAK = YES;
				CLANG_WARN_BLOCK_CAPTURE_AUTORELEASING = YES;
				CLANG_WARN_BOOL_CONVERSION = YES;
				CLANG_WARN_COMMA = YES;
				CLANG_WARN_CONSTANT_CONVERSION = YES;
				CLANG_WARN_DEPRECATED_OBJC_IMPLEMENTATIONS = YES;
				CLANG_WARN_DIRECT_OBJC_ISA_USAGE = YES_ERROR;
				CLANG_WARN_DOCUMENTATION_COMMENTS = YES;
				CLANG_WARN_EMPTY_BODY = YES;
				CLANG_WARN_ENUM_CONVERSION = YES;
				CLANG_WARN_INFINITE_RECURSION = YES;
				CLANG_WARN_INT_CONVERSION = YES;
				CLANG_WARN_NON_LITERAL_NULL_CONVERSION = YES;
				CLANG_WARN_OBJC_IMPLICIT_RETAIN_SELF = YES;
				CLANG_WARN_OBJC_LITERAL_CONVERSION = YES;
				CLANG_WARN_OBJC_ROOT_CLASS = YES_ERROR;
				CLANG_WARN_QUOTED_INCLUDE_IN_FRAMEWORK_HEADER = YES;
				CLANG_WARN_RANGE_LOOP_ANALYSIS = YES;
				CLANG_WARN_STRICT_PROTOTYPES = YES;
				CLANG_WARN_SUSPICIOUS_MOVE = YES;
				CLANG_WARN_UNGUARDED_AVAILABILITY = YES_AGGRESSIVE;
				CLANG_WARN_UNREACHABLE_CODE = YES;
				CLANG_WARN__DUPLICATE_METHOD_MATCH = YES;
				COPY_PHASE_STRIP = NO;
				DEBUG_INFORMATION_FORMAT = dwarf;
				ENABLE_STRICT_OBJC_MSGSEND = YES;
				ENABLE_TESTABILITY = YES;
				GCC_C_LANGUAGE_STANDARD = gnu11;
				GCC_DYNAMIC_NO_PIC = NO;
				GCC_NO_COMMON_BLOCKS = YES;
				GCC_OPTIMIZATION_LEVEL = 0;
				GCC_PREPROCESSOR_DEFINITIONS = (
					"DEBUG=1",
					"$(inherited)",
				);
				GCC_WARN_64_TO_32_BIT_CONVERSION = YES;
				GCC_WARN_ABOUT_RETURN_TYPE = YES_ERROR;
				GCC_WARN_UNDECLARED_SELECTOR = YES;
				GCC_WARN_UNINITIALIZED_AUTOS = YES_AGGRESSIVE;
				GCC_WARN_UNUSED_FUNCTION = YES;
				GCC_WARN_UNUSED_VARIABLE = YES;
				IPHONEOS_DEPLOYMENT_TARGET = 16.4;
				MTL_ENABLE_DEBUG_INFO = INCLUDE_SOURCE;
				MTL_FAST_MATH = YES;
				ONLY_ACTIVE_ARCH = YES;
				SDKROOT = iphoneos;
				SWIFT_ACTIVE_COMPILATION_CONDITIONS = DEBUG;
				SWIFT_OPTIMIZATION_LEVEL = "-Onone";
			};
			name = Debug;
		};
		3DA20F602AC33D0400DE2D04 /* Release */ = {
			isa = XCBuildConfiguration;
			buildSettings = {
				ALWAYS_SEARCH_USER_PATHS = NO;
				CLANG_ANALYZER_NONNULL = YES;
				CLANG_ANALYZER_NUMBER_OBJECT_CONVERSION = YES_AGGRESSIVE;
				CLANG_CXX_LANGUAGE_STANDARD = "gnu++20";
				CLANG_ENABLE_MODULES = YES;
				CLANG_ENABLE_OBJC_ARC = YES;
				CLANG_ENABLE_OBJC_WEAK = YES;
				CLANG_WARN_BLOCK_CAPTURE_AUTORELEASING = YES;
				CLANG_WARN_BOOL_CONVERSION = YES;
				CLANG_WARN_COMMA = YES;
				CLANG_WARN_CONSTANT_CONVERSION = YES;
				CLANG_WARN_DEPRECATED_OBJC_IMPLEMENTATIONS = YES;
				CLANG_WARN_DIRECT_OBJC_ISA_USAGE = YES_ERROR;
				CLANG_WARN_DOCUMENTATION_COMMENTS = YES;
				CLANG_WARN_EMPTY_BODY = YES;
				CLANG_WARN_ENUM_CONVERSION = YES;
				CLANG_WARN_INFINITE_RECURSION = YES;
				CLANG_WARN_INT_CONVERSION = YES;
				CLANG_WARN_NON_LITERAL_NULL_CONVERSION = YES;
				CLANG_WARN_OBJC_IMPLICIT_RETAIN_SELF = YES;
				CLANG_WARN_OBJC_LITERAL_CONVERSION = YES;
				CLANG_WARN_OBJC_ROOT_CLASS = YES_ERROR;
				CLANG_WARN_QUOTED_INCLUDE_IN_FRAMEWORK_HEADER = YES;
				CLANG_WARN_RANGE_LOOP_ANALYSIS = YES;
				CLANG_WARN_STRICT_PROTOTYPES = YES;
				CLANG_WARN_SUSPICIOUS_MOVE = YES;
				CLANG_WARN_UNGUARDED_AVAILABILITY = YES_AGGRESSIVE;
				CLANG_WARN_UNREACHABLE_CODE = YES;
				CLANG_WARN__DUPLICATE_METHOD_MATCH = YES;
				COPY_PHASE_STRIP = NO;
				DEBUG_INFORMATION_FORMAT = "dwarf-with-dsym";
				ENABLE_NS_ASSERTIONS = NO;
				ENABLE_STRICT_OBJC_MSGSEND = YES;
				GCC_C_LANGUAGE_STANDARD = gnu11;
				GCC_NO_COMMON_BLOCKS = YES;
				GCC_WARN_64_TO_32_BIT_CONVERSION = YES;
				GCC_WARN_ABOUT_RETURN_TYPE = YES_ERROR;
				GCC_WARN_UNDECLARED_SELECTOR = YES;
				GCC_WARN_UNINITIALIZED_AUTOS = YES_AGGRESSIVE;
				GCC_WARN_UNUSED_FUNCTION = YES;
				GCC_WARN_UNUSED_VARIABLE = YES;
				IPHONEOS_DEPLOYMENT_TARGET = 16.4;
				MTL_ENABLE_DEBUG_INFO = NO;
				MTL_FAST_MATH = YES;
				SDKROOT = iphoneos;
				SWIFT_COMPILATION_MODE = wholemodule;
				SWIFT_OPTIMIZATION_LEVEL = "-O";
				VALIDATE_PRODUCT = YES;
			};
			name = Release;
		};
		3DA20F622AC33D0400DE2D04 /* Debug */ = {
			isa = XCBuildConfiguration;
			buildSettings = {
				ASSETCATALOG_COMPILER_APPICON_NAME = AppIcon;
				ASSETCATALOG_COMPILER_GLOBAL_ACCENT_COLOR_NAME = AccentColor;
				CODE_SIGN_STYLE = Automatic;
				CURRENT_PROJECT_VERSION = 1;
				GENERATE_INFOPLIST_FILE = YES;
				INFOPLIST_FILE = MVVMKullanimi/Info.plist;
				INFOPLIST_KEY_UIApplicationSupportsIndirectInputEvents = YES;
				INFOPLIST_KEY_UILaunchStoryboardName = LaunchScreen;
				INFOPLIST_KEY_UIMainStoryboardFile = Main;
				INFOPLIST_KEY_UISupportedInterfaceOrientations_iPad = "UIInterfaceOrientationPortrait UIInterfaceOrientationPortraitUpsideDown UIInterfaceOrientationLandscapeLeft UIInterfaceOrientationLandscapeRight";
				INFOPLIST_KEY_UISupportedInterfaceOrientations_iPhone = "UIInterfaceOrientationPortrait UIInterfaceOrientationLandscapeLeft UIInterfaceOrientationLandscapeRight";
				LD_RUNPATH_SEARCH_PATHS = (
					"$(inherited)",
					"@executable_path/Frameworks",
				);
				MARKETING_VERSION = 1.0;
				PRODUCT_BUNDLE_IDENTIFIER = com.alihizardere.MVVMKullanimi;
				PRODUCT_NAME = "$(TARGET_NAME)";
				SWIFT_EMIT_LOC_STRINGS = YES;
				SWIFT_VERSION = 5.0;
				TARGETED_DEVICE_FAMILY = "1,2";
			};
			name = Debug;
		};
		3DA20F632AC33D0400DE2D04 /* Release */ = {
			isa = XCBuildConfiguration;
			buildSettings = {
				ASSETCATALOG_COMPILER_APPICON_NAME = AppIcon;
				ASSETCATALOG_COMPILER_GLOBAL_ACCENT_COLOR_NAME = AccentColor;
				CODE_SIGN_STYLE = Automatic;
				CURRENT_PROJECT_VERSION = 1;
				GENERATE_INFOPLIST_FILE = YES;
				INFOPLIST_FILE = MVVMKullanimi/Info.plist;
				INFOPLIST_KEY_UIApplicationSupportsIndirectInputEvents = YES;
				INFOPLIST_KEY_UILaunchStoryboardName = LaunchScreen;
				INFOPLIST_KEY_UIMainStoryboardFile = Main;
				INFOPLIST_KEY_UISupportedInterfaceOrientations_iPad = "UIInterfaceOrientationPortrait UIInterfaceOrientationPortraitUpsideDown UIInterfaceOrientationLandscapeLeft UIInterfaceOrientationLandscapeRight";
				INFOPLIST_KEY_UISupportedInterfaceOrientations_iPhone = "UIInterfaceOrientationPortrait UIInterfaceOrientationLandscapeLeft UIInterfaceOrientationLandscapeRight";
				LD_RUNPATH_SEARCH_PATHS = (
					"$(inherited)",
					"@executable_path/Frameworks",
				);
				MARKETING_VERSION = 1.0;
				PRODUCT_BUNDLE_IDENTIFIER = com.alihizardere.MVVMKullanimi;
				PRODUCT_NAME = "$(TARGET_NAME)";
				SWIFT_EMIT_LOC_STRINGS = YES;
				SWIFT_VERSION = 5.0;
				TARGETED_DEVICE_FAMILY = "1,2";
			};
			name = Release;
		};
/* End XCBuildConfiguration section */

/* Begin XCConfigurationList section */
		3DA20F482AC33D0400DE2D04 /* Build configuration list for PBXProject "MVVMKullanimi" */ = {
			isa = XCConfigurationList;
			buildConfigurations = (
				3DA20F5F2AC33D0400DE2D04 /* Debug */,
				3DA20F602AC33D0400DE2D04 /* Release */,
			);
			defaultConfigurationIsVisible = 0;
			defaultConfigurationName = Release;
		};
		3DA20F612AC33D0400DE2D04 /* Build configuration list for PBXNativeTarget "MVVMKullanimi" */ = {
			isa = XCConfigurationList;
			buildConfigurations = (
				3DA20F622AC33D0400DE2D04 /* Debug */,
				3DA20F632AC33D0400DE2D04 /* Release */,
			);
			defaultConfigurationIsVisible = 0;
			defaultConfigurationName = Release;
		};
/* End XCConfigurationList section */

/* Begin XCRemoteSwiftPackageReference section */
		3DA20F662AC348AC00DE2D04 /* XCRemoteSwiftPackageReference "RxSwift" */ = {
			isa = XCRemoteSwiftPackageReference;
			repositoryURL = "https://github.com/ReactiveX/RxSwift.git";
			requirement = {
				kind = upToNextMajorVersion;
				minimumVersion = 6.0.0;
			};
		};
/* End XCRemoteSwiftPackageReference section */

/* Begin XCSwiftPackageProductDependency section */
		3DA20F672AC348AC00DE2D04 /* RxSwift */ = {
			isa = XCSwiftPackageProductDependency;
			package = 3DA20F662AC348AC00DE2D04 /* XCRemoteSwiftPackageReference "RxSwift" */;
			productName = RxSwift;
		};
/* End XCSwiftPackageProductDependency section */
	};
	rootObject = 3DA20F452AC33D0400DE2D04 /* Project object */;
}
